
Microsoft Visual Studio Solution File, Format Version 12.00
# Visual Studio 15
VisualStudioVersion = 15.0.26430.6
MinimumVisualStudioVersion = 10.0.40219.1
Project("{D954291E-2A0B-460D-934E-DC6B0785DB48}") = "WhoOwesWho", "WhoOwesWho\WhoOwesWho\WhoOwesWho.shproj", "{FAE418D9-B0B0-4052-82D9-872F23075FC5}"
EndProject
Project("{FAE04EC0-301F-11D3-BF4B-00C04F79EFBC}") = "WhoOwesWho.Android", "WhoOwesWho\WhoOwesWho.Android\WhoOwesWho.Android.csproj", "{A6A2F371-9B6E-459C-B01D-B497D3D7EFED}"
EndProject
Project("{FAE04EC0-301F-11D3-BF4B-00C04F79EFBC}") = "WhoOwesWho.iOS", "WhoOwesWho\WhoOwesWho.iOS\WhoOwesWho.iOS.csproj", "{BF59E4CD-20BA-4623-B9C4-C4FD40FDDCE7}"
EndProject
Project("{FAE04EC0-301F-11D3-BF4B-00C04F79EFBC}") = "WhoOwesWho.UWP", "WhoOwesWho\WhoOwesWho.UWP\WhoOwesWho.UWP.csproj", "{D339B792-0015-4884-AD98-74A678CBF67A}"
EndProject
Global
	GlobalSection(SharedMSBuildProjectFiles) = preSolution
		WhoOwesWho\WhoOwesWho\WhoOwesWho.projitems*{a6a2f371-9b6e-459c-b01d-b497d3d7efed}*SharedItemsImports = 4
		WhoOwesWho\WhoOwesWho\WhoOwesWho.projitems*{bf59e4cd-20ba-4623-b9c4-c4fd40fddce7}*SharedItemsImports = 4
		WhoOwesWho\WhoOwesWho\WhoOwesWho.projitems*{fae418d9-b0b0-4052-82d9-872f23075fc5}*SharedItemsImports = 13
	EndGlobalSection
	GlobalSection(SolutionConfigurationPlatforms) = preSolution
		Ad-Hoc|Any CPU = Ad-Hoc|Any CPU
		Ad-Hoc|ARM = Ad-Hoc|ARM
		Ad-Hoc|iPhone = Ad-Hoc|iPhone
		Ad-Hoc|iPhoneSimulator = Ad-Hoc|iPhoneSimulator
		Ad-Hoc|x64 = Ad-Hoc|x64
		Ad-Hoc|x86 = Ad-Hoc|x86
		AppStore|Any CPU = AppStore|Any CPU
		AppStore|ARM = AppStore|ARM
		AppStore|iPhone = AppStore|iPhone
		AppStore|iPhoneSimulator = AppStore|iPhoneSimulator
		AppStore|x64 = AppStore|x64
		AppStore|x86 = AppStore|x86
		Debug|Any CPU = Debug|Any CPU
		Debug|ARM = Debug|ARM
		Debug|iPhone = Debug|iPhone
		Debug|iPhoneSimulator = Debug|iPhoneSimulator
		Debug|x64 = Debug|x64
		Debug|x86 = Debug|x86
		Release|Any CPU = Release|Any CPU
		Release|ARM = Release|ARM
		Release|iPhone = Release|iPhone
		Release|iPhoneSimulator = Release|iPhoneSimulator
		Release|x64 = Release|x64
		Release|x86 = Release|x86
	EndGlobalSection
	GlobalSection(ProjectConfigurationPlatforms) = postSolution
		{A6A2F371-9B6E-459C-B01D-B497D3D7EFED}.Ad-Hoc|Any CPU.ActiveCfg = Release|Any CPU
		{A6A2F371-9B6E-459C-B01D-B497D3D7EFED}.Ad-Hoc|Any CPU.Build.0 = Release|Any CPU
		{A6A2F371-9B6E-459C-B01D-B497D3D7EFED}.Ad-Hoc|Any CPU.Deploy.0 = Release|Any CPU
		{A6A2F371-9B6E-459C-B01D-B497D3D7EFED}.Ad-Hoc|ARM.ActiveCfg = Release|Any CPU
		{A6A2F371-9B6E-459C-B01D-B497D3D7EFED}.Ad-Hoc|ARM.Build.0 = Release|Any CPU
		{A6A2F371-9B6E-459C-B01D-B497D3D7EFED}.Ad-Hoc|ARM.Deploy.0 = Release|Any CPU
		{A6A2F371-9B6E-459C-B01D-B497D3D7EFED}.Ad-Hoc|iPhone.ActiveCfg = Release|Any CPU
		{A6A2F371-9B6E-459C-B01D-B497D3D7EFED}.Ad-Hoc|iPhone.Build.0 = Release|Any CPU
		{A6A2F371-9B6E-459C-B01D-B497D3D7EFED}.Ad-Hoc|iPhone.Deploy.0 = Release|Any CPU
		{A6A2F371-9B6E-459C-B01D-B497D3D7EFED}.Ad-Hoc|iPhoneSimulator.ActiveCfg = Release|Any CPU
		{A6A2F371-9B6E-459C-B01D-B497D3D7EFED}.Ad-Hoc|iPhoneSimulator.Build.0 = Release|Any CPU
		{A6A2F371-9B6E-459C-B01D-B497D3D7EFED}.Ad-Hoc|iPhoneSimulator.Deploy.0 = Release|Any CPU
		{A6A2F371-9B6E-459C-B01D-B497D3D7EFED}.Ad-Hoc|x64.ActiveCfg = Release|Any CPU
		{A6A2F371-9B6E-459C-B01D-B497D3D7EFED}.Ad-Hoc|x64.Build.0 = Release|Any CPU
		{A6A2F371-9B6E-459C-B01D-B497D3D7EFED}.Ad-Hoc|x64.Deploy.0 = Release|Any CPU
		{A6A2F371-9B6E-459C-B01D-B497D3D7EFED}.Ad-Hoc|x86.ActiveCfg = Release|Any CPU
		{A6A2F371-9B6E-459C-B01D-B497D3D7EFED}.Ad-Hoc|x86.Build.0 = Release|Any CPU
		{A6A2F371-9B6E-459C-B01D-B497D3D7EFED}.Ad-Hoc|x86.Deploy.0 = Release|Any CPU
		{A6A2F371-9B6E-459C-B01D-B497D3D7EFED}.AppStore|Any CPU.ActiveCfg = Release|Any CPU
		{A6A2F371-9B6E-459C-B01D-B497D3D7EFED}.AppStore|Any CPU.Build.0 = Release|Any CPU
		{A6A2F371-9B6E-459C-B01D-B497D3D7EFED}.AppStore|Any CPU.Deploy.0 = Release|Any CPU
		{A6A2F371-9B6E-459C-B01D-B497D3D7EFED}.AppStore|ARM.ActiveCfg = Release|Any CPU
		{A6A2F371-9B6E-459C-B01D-B497D3D7EFED}.AppStore|ARM.Build.0 = Release|Any CPU
		{A6A2F371-9B6E-459C-B01D-B497D3D7EFED}.AppStore|ARM.Deploy.0 = Release|Any CPU
		{A6A2F371-9B6E-459C-B01D-B497D3D7EFED}.AppStore|iPhone.ActiveCfg = Release|Any CPU
		{A6A2F371-9B6E-459C-B01D-B497D3D7EFED}.AppStore|iPhone.Build.0 = Release|Any CPU
		{A6A2F371-9B6E-459C-B01D-B497D3D7EFED}.AppStore|iPhone.Deploy.0 = Release|Any CPU
		{A6A2F371-9B6E-459C-B01D-B497D3D7EFED}.AppStore|iPhoneSimulator.ActiveCfg = Release|Any CPU
		{A6A2F371-9B6E-459C-B01D-B497D3D7EFED}.AppStore|iPhoneSimulator.Build.0 = Release|Any CPU
		{A6A2F371-9B6E-459C-B01D-B497D3D7EFED}.AppStore|iPhoneSimulator.Deploy.0 = Release|Any CPU
		{A6A2F371-9B6E-459C-B01D-B497D3D7EFED}.AppStore|x64.ActiveCfg = Release|Any CPU
		{A6A2F371-9B6E-459C-B01D-B497D3D7EFED}.AppStore|x64.Build.0 = Release|Any CPU
		{A6A2F371-9B6E-459C-B01D-B497D3D7EFED}.AppStore|x64.Deploy.0 = Release|Any CPU
		{A6A2F371-9B6E-459C-B01D-B497D3D7EFED}.AppStore|x86.ActiveCfg = Release|Any CPU
		{A6A2F371-9B6E-459C-B01D-B497D3D7EFED}.AppStore|x86.Build.0 = Release|Any CPU
		{A6A2F371-9B6E-459C-B01D-B497D3D7EFED}.AppStore|x86.Deploy.0 = Release|Any CPU
		{A6A2F371-9B6E-459C-B01D-B497D3D7EFED}.Debug|Any CPU.ActiveCfg = Debug|Any CPU
		{A6A2F371-9B6E-459C-B01D-B497D3D7EFED}.Debug|Any CPU.Build.0 = Debug|Any CPU
		{A6A2F371-9B6E-459C-B01D-B497D3D7EFED}.Debug|Any CPU.Deploy.0 = Debug|Any CPU
		{A6A2F371-9B6E-459C-B01D-B497D3D7EFED}.Debug|ARM.ActiveCfg = Debug|Any CPU
		{A6A2F371-9B6E-459C-B01D-B497D3D7EFED}.Debug|ARM.Build.0 = Debug|Any CPU
		{A6A2F371-9B6E-459C-B01D-B497D3D7EFED}.Debug|ARM.Deploy.0 = Debug|Any CPU
		{A6A2F371-9B6E-459C-B01D-B497D3D7EFED}.Debug|iPhone.ActiveCfg = Debug|Any CPU
		{A6A2F371-9B6E-459C-B01D-B497D3D7EFED}.Debug|iPhone.Build.0 = Debug|Any CPU
		{A6A2F371-9B6E-459C-B01D-B497D3D7EFED}.Debug|iPhone.Deploy.0 = Debug|Any CPU
		{A6A2F371-9B6E-459C-B01D-B497D3D7EFED}.Debug|iPhoneSimulator.ActiveCfg = Debug|Any CPU
		{A6A2F371-9B6E-459C-B01D-B497D3D7EFED}.Debug|iPhoneSimulator.Build.0 = Debug|Any CPU
		{A6A2F371-9B6E-459C-B01D-B497D3D7EFED}.Debug|iPhoneSimulator.Deploy.0 = Debug|Any CPU
		{A6A2F371-9B6E-459C-B01D-B497D3D7EFED}.Debug|x64.ActiveCfg = Debug|Any CPU
		{A6A2F371-9B6E-459C-B01D-B497D3D7EFED}.Debug|x64.Build.0 = Debug|Any CPU
		{A6A2F371-9B6E-459C-B01D-B497D3D7EFED}.Debug|x64.Deploy.0 = Debug|Any CPU
		{A6A2F371-9B6E-459C-B01D-B497D3D7EFED}.Debug|x86.ActiveCfg = Debug|Any CPU
		{A6A2F371-9B6E-459C-B01D-B497D3D7EFED}.Debug|x86.Build.0 = Debug|Any CPU
		{A6A2F371-9B6E-459C-B01D-B497D3D7EFED}.Debug|x86.Deploy.0 = Debug|Any CPU
		{A6A2F371-9B6E-459C-B01D-B497D3D7EFED}.Release|Any CPU.ActiveCfg = Release|Any CPU
		{A6A2F371-9B6E-459C-B01D-B497D3D7EFED}.Release|Any CPU.Build.0 = Release|Any CPU
		{A6A2F371-9B6E-459C-B01D-B497D3D7EFED}.Release|Any CPU.Deploy.0 = Release|Any CPU
		{A6A2F371-9B6E-459C-B01D-B497D3D7EFED}.Release|ARM.ActiveCfg = Release|Any CPU
		{A6A2F371-9B6E-459C-B01D-B497D3D7EFED}.Release|ARM.Build.0 = Release|Any CPU
		{A6A2F371-9B6E-459C-B01D-B497D3D7EFED}.Release|ARM.Deploy.0 = Release|Any CPU
		{A6A2F371-9B6E-459C-B01D-B497D3D7EFED}.Release|iPhone.ActiveCfg = Release|Any CPU
		{A6A2F371-9B6E-459C-B01D-B497D3D7EFED}.Release|iPhone.Build.0 = Release|Any CPU
		{A6A2F371-9B6E-459C-B01D-B497D3D7EFED}.Release|iPhone.Deploy.0 = Release|Any CPU
		{A6A2F371-9B6E-459C-B01D-B497D3D7EFED}.Release|iPhoneSimulator.ActiveCfg = Release|Any CPU
		{A6A2F371-9B6E-459C-B01D-B497D3D7EFED}.Release|iPhoneSimulator.Build.0 = Release|Any CPU
		{A6A2F371-9B6E-459C-B01D-B497D3D7EFED}.Release|iPhoneSimulator.Deploy.0 = Release|Any CPU
		{A6A2F371-9B6E-459C-B01D-B497D3D7EFED}.Release|x64.ActiveCfg = Release|Any CPU
		{A6A2F371-9B6E-459C-B01D-B497D3D7EFED}.Release|x64.Build.0 = Release|Any CPU
		{A6A2F371-9B6E-459C-B01D-B497D3D7EFED}.Release|x64.Deploy.0 = Release|Any CPU
		{A6A2F371-9B6E-459C-B01D-B497D3D7EFED}.Release|x86.ActiveCfg = Release|Any CPU
		{A6A2F371-9B6E-459C-B01D-B497D3D7EFED}.Release|x86.Build.0 = Release|Any CPU
		{A6A2F371-9B6E-459C-B01D-B497D3D7EFED}.Release|x86.Deploy.0 = Release|Any CPU
		{BF59E4CD-20BA-4623-B9C4-C4FD40FDDCE7}.Ad-Hoc|Any CPU.ActiveCfg = Ad-Hoc|iPhone
		{BF59E4CD-20BA-4623-B9C4-C4FD40FDDCE7}.Ad-Hoc|ARM.ActiveCfg = Ad-Hoc|iPhone
		{BF59E4CD-20BA-4623-B9C4-C4FD40FDDCE7}.Ad-Hoc|iPhone.ActiveCfg = Ad-Hoc|iPhone
		{BF59E4CD-20BA-4623-B9C4-C4FD40FDDCE7}.Ad-Hoc|iPhone.Build.0 = Ad-Hoc|iPhone
		{BF59E4CD-20BA-4623-B9C4-C4FD40FDDCE7}.Ad-Hoc|iPhoneSimulator.ActiveCfg = Ad-Hoc|iPhoneSimulator
		{BF59E4CD-20BA-4623-B9C4-C4FD40FDDCE7}.Ad-Hoc|iPhoneSimulator.Build.0 = Ad-Hoc|iPhoneSimulator
		{BF59E4CD-20BA-4623-B9C4-C4FD40FDDCE7}.Ad-Hoc|x64.ActiveCfg = Ad-Hoc|iPhone
		{BF59E4CD-20BA-4623-B9C4-C4FD40FDDCE7}.Ad-Hoc|x86.ActiveCfg = Ad-Hoc|iPhone
		{BF59E4CD-20BA-4623-B9C4-C4FD40FDDCE7}.AppStore|Any CPU.ActiveCfg = AppStore|iPhone
		{BF59E4CD-20BA-4623-B9C4-C4FD40FDDCE7}.AppStore|ARM.ActiveCfg = AppStore|iPhone
		{BF59E4CD-20BA-4623-B9C4-C4FD40FDDCE7}.AppStore|iPhone.ActiveCfg = AppStore|iPhone
		{BF59E4CD-20BA-4623-B9C4-C4FD40FDDCE7}.AppStore|iPhone.Build.0 = AppStore|iPhone
		{BF59E4CD-20BA-4623-B9C4-C4FD40FDDCE7}.AppStore|iPhoneSimulator.ActiveCfg = AppStore|iPhoneSimulator
		{BF59E4CD-20BA-4623-B9C4-C4FD40FDDCE7}.AppStore|iPhoneSimulator.Build.0 = AppStore|iPhoneSimulator
		{BF59E4CD-20BA-4623-B9C4-C4FD40FDDCE7}.AppStore|x64.ActiveCfg = AppStore|iPhone
		{BF59E4CD-20BA-4623-B9C4-C4FD40FDDCE7}.AppStore|x86.ActiveCfg = AppStore|iPhone
		{BF59E4CD-20BA-4623-B9C4-C4FD40FDDCE7}.Debug|Any CPU.ActiveCfg = Debug|iPhone
		{BF59E4CD-20BA-4623-B9C4-C4FD40FDDCE7}.Debug|ARM.ActiveCfg = Debug|iPhone
		{BF59E4CD-20BA-4623-B9C4-C4FD40FDDCE7}.Debug|iPhone.ActiveCfg = Debug|iPhone
		{BF59E4CD-20BA-4623-B9C4-C4FD40FDDCE7}.Debug|iPhone.Build.0 = Debug|iPhone
		{BF59E4CD-20BA-4623-B9C4-C4FD40FDDCE7}.Debug|iPhoneSimulator.ActiveCfg = Debug|iPhoneSimulator
		{BF59E4CD-20BA-4623-B9C4-C4FD40FDDCE7}.Debug|iPhoneSimulator.Build.0 = Debug|iPhoneSimulator
		{BF59E4CD-20BA-4623-B9C4-C4FD40FDDCE7}.Debug|x64.ActiveCfg = Debug|iPhone
		{BF59E4CD-20BA-4623-B9C4-C4FD40FDDCE7}.Debug|x86.ActiveCfg = Debug|iPhone
		{BF59E4CD-20BA-4623-B9C4-C4FD40FDDCE7}.Release|Any CPU.ActiveCfg = Release|iPhone
		{BF59E4CD-20BA-4623-B9C4-C4FD40FDDCE7}.Release|ARM.ActiveCfg = Release|iPhone
		{BF59E4CD-20BA-4623-B9C4-C4FD40FDDCE7}.Release|iPhone.ActiveCfg = Release|iPhone
		{BF59E4CD-20BA-4623-B9C4-C4FD40FDDCE7}.Release|iPhone.Build.0 = Release|iPhone
		{BF59E4CD-20BA-4623-B9C4-C4FD40FDDCE7}.Release|iPhoneSimulator.ActiveCfg = Release|iPhoneSimulator
		{BF59E4CD-20BA-4623-B9C4-C4FD40FDDCE7}.Release|iPhoneSimulator.Build.0 = Release|iPhoneSimulator
		{BF59E4CD-20BA-4623-B9C4-C4FD40FDDCE7}.Release|x64.ActiveCfg = Release|iPhone
		{BF59E4CD-20BA-4623-B9C4-C4FD40FDDCE7}.Release|x86.ActiveCfg = Release|iPhone
		{D339B792-0015-4884-AD98-74A678CBF67A}.Ad-Hoc|Any CPU.ActiveCfg = Release|x86
		{D339B792-0015-4884-AD98-74A678CBF67A}.Ad-Hoc|Any CPU.Build.0 = Release|x86
		{D339B792-0015-4884-AD98-74A678CBF67A}.Ad-Hoc|Any CPU.Deploy.0 = Release|x86
		{D339B792-0015-4884-AD98-74A678CBF67A}.Ad-Hoc|ARM.ActiveCfg = Release|ARM
		{D339B792-0015-4884-AD98-74A678CBF67A}.Ad-Hoc|ARM.Build.0 = Release|ARM
		{D339B792-0015-4884-AD98-74A678CBF67A}.Ad-Hoc|ARM.Deploy.0 = Release|ARM
		{D339B792-0015-4884-AD98-74A678CBF67A}.Ad-Hoc|iPhone.ActiveCfg = Release|x86
		{D339B792-0015-4884-AD98-74A678CBF67A}.Ad-Hoc|iPhone.Build.0 = Release|x86
		{D339B792-0015-4884-AD98-74A678CBF67A}.Ad-Hoc|iPhone.Deploy.0 = Release|x86
		{D339B792-0015-4884-AD98-74A678CBF67A}.Ad-Hoc|iPhoneSimulator.ActiveCfg = Release|x86
		{D339B792-0015-4884-AD98-74A678CBF67A}.Ad-Hoc|iPhoneSimulator.Build.0 = Release|x86
		{D339B792-0015-4884-AD98-74A678CBF67A}.Ad-Hoc|iPhoneSimulator.Deploy.0 = Release|x86
		{D339B792-0015-4884-AD98-74A678CBF67A}.Ad-Hoc|x64.ActiveCfg = Release|x64
		{D339B792-0015-4884-AD98-74A678CBF67A}.Ad-Hoc|x64.Build.0 = Release|x64
		{D339B792-0015-4884-AD98-74A678CBF67A}.Ad-Hoc|x64.Deploy.0 = Release|x64
		{D339B792-0015-4884-AD98-74A678CBF67A}.Ad-Hoc|x86.ActiveCfg = Release|x86
		{D339B792-0015-4884-AD98-74A678CBF67A}.Ad-Hoc|x86.Build.0 = Release|x86
		{D339B792-0015-4884-AD98-74A678CBF67A}.Ad-Hoc|x86.Deploy.0 = Release|x86
		{D339B792-0015-4884-AD98-74A678CBF67A}.AppStore|Any CPU.ActiveCfg = Release|x86
		{D339B792-0015-4884-AD98-74A678CBF67A}.AppStore|Any CPU.Build.0 = Release|x86
		{D339B792-0015-4884-AD98-74A678CBF67A}.AppStore|Any CPU.Deploy.0 = Release|x86
		{D339B792-0015-4884-AD98-74A678CBF67A}.AppStore|ARM.ActiveCfg = Release|ARM
		{D339B792-0015-4884-AD98-74A678CBF67A}.AppStore|ARM.Build.0 = Release|ARM
		{D339B792-0015-4884-AD98-74A678CBF67A}.AppStore|ARM.Deploy.0 = Release|ARM
		{D339B792-0015-4884-AD98-74A678CBF67A}.AppStore|iPhone.ActiveCfg = Release|x86
		{D339B792-0015-4884-AD98-74A678CBF67A}.AppStore|iPhone.Build.0 = Release|x86
		{D339B792-0015-4884-AD98-74A678CBF67A}.AppStore|iPhone.Deploy.0 = Release|x86
		{D339B792-0015-4884-AD98-74A678CBF67A}.AppStore|iPhoneSimulator.ActiveCfg = Release|x86
		{D339B792-0015-4884-AD98-74A678CBF67A}.AppStore|iPhoneSimulator.Build.0 = Release|x86
		{D339B792-0015-4884-AD98-74A678CBF67A}.AppStore|iPhoneSimulator.Deploy.0 = Release|x86
		{D339B792-0015-4884-AD98-74A678CBF67A}.AppStore|x64.ActiveCfg = Release|x64
		{D339B792-0015-4884-AD98-74A678CBF67A}.AppStore|x64.Build.0 = Release|x64
		{D339B792-0015-4884-AD98-74A678CBF67A}.AppStore|x64.Deploy.0 = Release|x64
		{D339B792-0015-4884-AD98-74A678CBF67A}.AppStore|x86.ActiveCfg = Release|x86
		{D339B792-0015-4884-AD98-74A678CBF67A}.AppStore|x86.Build.0 = Release|x86
		{D339B792-0015-4884-AD98-74A678CBF67A}.AppStore|x86.Deploy.0 = Release|x86
		{D339B792-0015-4884-AD98-74A678CBF67A}.Debug|Any CPU.ActiveCfg = Debug|x86
		{D339B792-0015-4884-AD98-74A678CBF67A}.Debug|ARM.ActiveCfg = Debug|ARM
		{D339B792-0015-4884-AD98-74A678CBF67A}.Debug|ARM.Build.0 = Debug|ARM
		{D339B792-0015-4884-AD98-74A678CBF67A}.Debug|ARM.Deploy.0 = Debug|ARM
		{D339B792-0015-4884-AD98-74A678CBF67A}.Debug|iPhone.ActiveCfg = Debug|x86
		{D339B792-0015-4884-AD98-74A678CBF67A}.Debug|iPhoneSimulator.ActiveCfg = Debug|x86
		{D339B792-0015-4884-AD98-74A678CBF67A}.Debug|x64.ActiveCfg = Debug|x64
		{D339B792-0015-4884-AD98-74A678CBF67A}.Debug|x64.Build.0 = Debug|x64
		{D339B792-0015-4884-AD98-74A678CBF67A}.Debug|x64.Deploy.0 = Debug|x64
		{D339B792-0015-4884-AD98-74A678CBF67A}.Debug|x86.ActiveCfg = Debug|x86
		{D339B792-0015-4884-AD98-74A678CBF67A}.Debug|x86.Build.0 = Debug|x86
		{D339B792-0015-4884-AD98-74A678CBF67A}.Debug|x86.Deploy.0 = Debug|x86
		{D339B792-0015-4884-AD98-74A678CBF67A}.Release|Any CPU.ActiveCfg = Release|x86
		{D339B792-0015-4884-AD98-74A678CBF67A}.Release|ARM.ActiveCfg = Release|ARM
		{D339B792-0015-4884-AD98-74A678CBF67A}.Release|ARM.Build.0 = Release|ARM
		{D339B792-0015-4884-AD98-74A678CBF67A}.Release|ARM.Deploy.0 = Release|ARM
		{D339B792-0015-4884-AD98-74A678CBF67A}.Release|iPhone.ActiveCfg = Release|x86
		{D339B792-0015-4884-AD98-74A678CBF67A}.Release|iPhoneSimulator.ActiveCfg = Release|x86
		{D339B792-0015-4884-AD98-74A678CBF67A}.Release|x64.ActiveCfg = Release|x64
		{D339B792-0015-4884-AD98-74A678CBF67A}.Release|x64.Build.0 = Release|x64
		{D339B792-0015-4884-AD98-74A678CBF67A}.Release|x64.Deploy.0 = Release|x64
		{D339B792-0015-4884-AD98-74A678CBF67A}.Release|x86.ActiveCfg = Release|x86
		{D339B792-0015-4884-AD98-74A678CBF67A}.Release|x86.Build.0 = Release|x86
		{D339B792-0015-4884-AD98-74A678CBF67A}.Release|x86.Deploy.0 = Release|x86
	EndGlobalSection
	GlobalSection(SolutionProperties) = preSolution
		HideSolutionNode = FALSE
	EndGlobalSection
EndGlobal
